// !$*UTF8*$!
{
	archiveVersion = 1;
	classes = {
	};
	objectVersion = 46;
	objects = {

/* Begin PBXBuildFile section */
		4BA8A2BB1BFCD3E00054D1A6 /* Date.swift in Sources */ = {isa = PBXBuildFile; fileRef = 4BA8A2BA1BFCD3E00054D1A6 /* Date.swift */; };
		4BA8A2BD1BFCF9810054D1A6 /* TimePeriodModel.swift in Sources */ = {isa = PBXBuildFile; fileRef = 4BA8A2BC1BFCF9810054D1A6 /* TimePeriodModel.swift */; };
		4BA8A2BF1BFCFA1D0054D1A6 /* TimePeriodCell.swift in Sources */ = {isa = PBXBuildFile; fileRef = 4BA8A2BE1BFCFA1D0054D1A6 /* TimePeriodCell.swift */; };
		4BA8A2C11BFCFD200054D1A6 /* ShowCell.swift in Sources */ = {isa = PBXBuildFile; fileRef = 4BA8A2C01BFCFD200054D1A6 /* ShowCell.swift */; };
		4BCEB1A91BFD458D00420116 /* EpisodeCell.swift in Sources */ = {isa = PBXBuildFile; fileRef = 4BCEB1A81BFD458D00420116 /* EpisodeCell.swift */; };
		4BCEB1AB1BFD47B300420116 /* ShowsViewController.swift in Sources */ = {isa = PBXBuildFile; fileRef = 4BCEB1AA1BFD47B300420116 /* ShowsViewController.swift */; };
		4BCEB1AD1BFD5AD100420116 /* EpisodesViewController.swift in Sources */ = {isa = PBXBuildFile; fileRef = 4BCEB1AC1BFD5AD100420116 /* EpisodesViewController.swift */; };
		4BE2B3791BF8D2190028F25B /* AppDelegate.swift in Sources */ = {isa = PBXBuildFile; fileRef = 4BE2B3781BF8D2190028F25B /* AppDelegate.swift */; };
		4BE2B37E1BF8D2190028F25B /* Main.storyboard in Resources */ = {isa = PBXBuildFile; fileRef = 4BE2B37C1BF8D2190028F25B /* Main.storyboard */; };
		4BE2B3801BF8D2190028F25B /* Assets.xcassets in Resources */ = {isa = PBXBuildFile; fileRef = 4BE2B37F1BF8D2190028F25B /* Assets.xcassets */; };
		4BE2B3881BF8DF320028F25B /* MainViewController.swift in Sources */ = {isa = PBXBuildFile; fileRef = 4BE2B3871BF8DF320028F25B /* MainViewController.swift */; };
		4BE2B38A1BFAB1710028F25B /* Alamofire.framework in Frameworks */ = {isa = PBXBuildFile; fileRef = 4BE2B3891BFAB1710028F25B /* Alamofire.framework */; };
		4BE2B38D1BFAC1CE0028F25B /* SwiftyJSON.framework in Frameworks */ = {isa = PBXBuildFile; fileRef = 4BE2B38C1BFAC1CE0028F25B /* SwiftyJSON.framework */; };
		4BE2B3901BFAC3EF0028F25B /* secrets.txt in Resources */ = {isa = PBXBuildFile; fileRef = 4BE2B38F1BFAC3EF0028F25B /* secrets.txt */; };
		4BE2B3941BFBF2B30028F25B /* Data.swift in Sources */ = {isa = PBXBuildFile; fileRef = 4BE2B3931BFBF2B30028F25B /* Data.swift */; };
		4BE2B3961BFBF7C00028F25B /* ShowModel.swift in Sources */ = {isa = PBXBuildFile; fileRef = 4BE2B3951BFBF7C00028F25B /* ShowModel.swift */; };
		4BE2B3981BFBF7EB0028F25B /* EpisodeModel.swift in Sources */ = {isa = PBXBuildFile; fileRef = 4BE2B3971BFBF7EB0028F25B /* EpisodeModel.swift */; };
		4BE2B39A1BFBFAAE0028F25B /* Util.swift in Sources */ = {isa = PBXBuildFile; fileRef = 4BE2B3991BFBFAAE0028F25B /* Util.swift */; };
/* End PBXBuildFile section */

/* Begin PBXFileReference section */
		4BA8A2BA1BFCD3E00054D1A6 /* Date.swift */ = {isa = PBXFileReference; fileEncoding = 4; lastKnownFileType = sourcecode.swift; path = Date.swift; sourceTree = "<group>"; };
		4BA8A2BC1BFCF9810054D1A6 /* TimePeriodModel.swift */ = {isa = PBXFileReference; fileEncoding = 4; lastKnownFileType = sourcecode.swift; path = TimePeriodModel.swift; sourceTree = "<group>"; };
		4BA8A2BE1BFCFA1D0054D1A6 /* TimePeriodCell.swift */ = {isa = PBXFileReference; fileEncoding = 4; lastKnownFileType = sourcecode.swift; path = TimePeriodCell.swift; sourceTree = "<group>"; };
		4BA8A2C01BFCFD200054D1A6 /* ShowCell.swift */ = {isa = PBXFileReference; fileEncoding = 4; lastKnownFileType = sourcecode.swift; path = ShowCell.swift; sourceTree = "<group>"; };
		4BCEB1A61BFD097000420116 /* Reveal-tvOS.framework */ = {isa = PBXFileReference; lastKnownFileType = wrapper.framework; name = "Reveal-tvOS.framework"; path = "TV_Guide/Frameworks/Reveal-tvOS.framework"; sourceTree = "<group>"; };
		4BCEB1A81BFD458D00420116 /* EpisodeCell.swift */ = {isa = PBXFileReference; fileEncoding = 4; lastKnownFileType = sourcecode.swift; path = EpisodeCell.swift; sourceTree = "<group>"; };
		4BCEB1AA1BFD47B300420116 /* ShowsViewController.swift */ = {isa = PBXFileReference; fileEncoding = 4; lastKnownFileType = sourcecode.swift; path = ShowsViewController.swift; sourceTree = "<group>"; };
		4BCEB1AC1BFD5AD100420116 /* EpisodesViewController.swift */ = {isa = PBXFileReference; fileEncoding = 4; lastKnownFileType = sourcecode.swift; path = EpisodesViewController.swift; sourceTree = "<group>"; };
		4BE2B3751BF8D2190028F25B /* TV_Guide.app */ = {isa = PBXFileReference; explicitFileType = wrapper.application; includeInIndex = 0; path = TV_Guide.app; sourceTree = BUILT_PRODUCTS_DIR; };
		4BE2B3781BF8D2190028F25B /* AppDelegate.swift */ = {isa = PBXFileReference; lastKnownFileType = sourcecode.swift; path = AppDelegate.swift; sourceTree = "<group>"; };
		4BE2B37D1BF8D2190028F25B /* Base */ = {isa = PBXFileReference; lastKnownFileType = file.storyboard; name = Base; path = Base.lproj/Main.storyboard; sourceTree = "<group>"; };
		4BE2B37F1BF8D2190028F25B /* Assets.xcassets */ = {isa = PBXFileReference; lastKnownFileType = folder.assetcatalog; path = Assets.xcassets; sourceTree = "<group>"; };
		4BE2B3811BF8D2190028F25B /* Info.plist */ = {isa = PBXFileReference; lastKnownFileType = text.plist.xml; path = Info.plist; sourceTree = "<group>"; };
		4BE2B3871BF8DF320028F25B /* MainViewController.swift */ = {isa = PBXFileReference; fileEncoding = 4; lastKnownFileType = sourcecode.swift; path = MainViewController.swift; sourceTree = "<group>"; };
		4BE2B3891BFAB1710028F25B /* Alamofire.framework */ = {isa = PBXFileReference; lastKnownFileType = wrapper.framework; name = Alamofire.framework; path = Carthage/Build/tvOS/Alamofire.framework; sourceTree = "<group>"; };
		4BE2B38C1BFAC1CE0028F25B /* SwiftyJSON.framework */ = {isa = PBXFileReference; lastKnownFileType = wrapper.framework; name = SwiftyJSON.framework; path = Carthage/Build/tvOS/SwiftyJSON.framework; sourceTree = "<group>"; };
		4BE2B38F1BFAC3EF0028F25B /* secrets.txt */ = {isa = PBXFileReference; fileEncoding = 4; lastKnownFileType = text; path = secrets.txt; sourceTree = "<group>"; };
		4BE2B3931BFBF2B30028F25B /* Data.swift */ = {isa = PBXFileReference; fileEncoding = 4; lastKnownFileType = sourcecode.swift; path = Data.swift; sourceTree = "<group>"; };
		4BE2B3951BFBF7C00028F25B /* ShowModel.swift */ = {isa = PBXFileReference; fileEncoding = 4; lastKnownFileType = sourcecode.swift; path = ShowModel.swift; sourceTree = "<group>"; };
		4BE2B3971BFBF7EB0028F25B /* EpisodeModel.swift */ = {isa = PBXFileReference; fileEncoding = 4; lastKnownFileType = sourcecode.swift; path = EpisodeModel.swift; sourceTree = "<group>"; };
		4BE2B3991BFBFAAE0028F25B /* Util.swift */ = {isa = PBXFileReference; fileEncoding = 4; lastKnownFileType = sourcecode.swift; path = Util.swift; sourceTree = "<group>"; };
/* End PBXFileReference section */

/* Begin PBXFrameworksBuildPhase section */
		4BE2B3721BF8D2190028F25B /* Frameworks */ = {
			isa = PBXFrameworksBuildPhase;
			buildActionMask = 2147483647;
			files = (
				4BE2B38A1BFAB1710028F25B /* Alamofire.framework in Frameworks */,
				4BE2B38D1BFAC1CE0028F25B /* SwiftyJSON.framework in Frameworks */,
			);
			runOnlyForDeploymentPostprocessing = 0;
		};
/* End PBXFrameworksBuildPhase section */

/* Begin PBXGroup section */
		4BE2B36C1BF8D2190028F25B = {
			isa = PBXGroup;
			children = (
				4BE2B3771BF8D2190028F25B /* TV_Guide */,
				4BE2B38E1BFAC1D80028F25B /* Frameworks */,
				4BE2B3761BF8D2190028F25B /* Products */,
			);
			sourceTree = "<group>";
		};
		4BE2B3761BF8D2190028F25B /* Products */ = {
			isa = PBXGroup;
			children = (
				4BE2B3751BF8D2190028F25B /* TV_Guide.app */,
			);
			name = Products;
			sourceTree = "<group>";
		};
		4BE2B3771BF8D2190028F25B /* TV_Guide */ = {
			isa = PBXGroup;
			children = (
				4BE2B3781BF8D2190028F25B /* AppDelegate.swift */,
				4BE2B37F1BF8D2190028F25B /* Assets.xcassets */,
				4BE2B3931BFBF2B30028F25B /* Data.swift */,
				4BA8A2BA1BFCD3E00054D1A6 /* Date.swift */,
				4BCEB1A81BFD458D00420116 /* EpisodeCell.swift */,
				4BE2B3971BFBF7EB0028F25B /* EpisodeModel.swift */,
				4BCEB1AC1BFD5AD100420116 /* EpisodesViewController.swift */,
				4BE2B3811BF8D2190028F25B /* Info.plist */,
				4BE2B37C1BF8D2190028F25B /* Main.storyboard */,
				4BE2B3871BF8DF320028F25B /* MainViewController.swift */,
				4BE2B38F1BFAC3EF0028F25B /* secrets.txt */,
				4BA8A2C01BFCFD200054D1A6 /* ShowCell.swift */,
				4BE2B3951BFBF7C00028F25B /* ShowModel.swift */,
				4BCEB1AA1BFD47B300420116 /* ShowsViewController.swift */,
				4BA8A2BE1BFCFA1D0054D1A6 /* TimePeriodCell.swift */,
				4BA8A2BC1BFCF9810054D1A6 /* TimePeriodModel.swift */,
				4BE2B3991BFBFAAE0028F25B /* Util.swift */,
			);
			path = TV_Guide;
			sourceTree = "<group>";
		};
		4BE2B38E1BFAC1D80028F25B /* Frameworks */ = {
			isa = PBXGroup;
			children = (
				4BCEB1A61BFD097000420116 /* Reveal-tvOS.framework */,
				4BE2B38C1BFAC1CE0028F25B /* SwiftyJSON.framework */,
				4BE2B3891BFAB1710028F25B /* Alamofire.framework */,
			);
			name = Frameworks;
			sourceTree = "<group>";
		};
/* End PBXGroup section */

/* Begin PBXNativeTarget section */
		4BE2B3741BF8D2190028F25B /* TV_Guide */ = {
			isa = PBXNativeTarget;
			buildConfigurationList = 4BE2B3841BF8D2190028F25B /* Build configuration list for PBXNativeTarget "TV_Guide" */;
			buildPhases = (
				4BE2B3711BF8D2190028F25B /* Sources */,
				4BE2B3721BF8D2190028F25B /* Frameworks */,
				4BE2B3731BF8D2190028F25B /* Resources */,
				4BE2B38B1BFAB1E30028F25B /* Copy Carthage Frameworks */,
			);
			buildRules = (
			);
			dependencies = (
			);
			name = TV_Guide;
			productName = TV_Guide;
			productReference = 4BE2B3751BF8D2190028F25B /* TV_Guide.app */;
			productType = "com.apple.product-type.application";
		};
/* End PBXNativeTarget section */

/* Begin PBXProject section */
		4BE2B36D1BF8D2190028F25B /* Project object */ = {
			isa = PBXProject;
			attributes = {
				LastSwiftUpdateCheck = 0710;
				LastUpgradeCheck = 0710;
				ORGANIZATIONNAME = "Chris Breiding";
				TargetAttributes = {
					4BE2B3741BF8D2190028F25B = {
						CreatedOnToolsVersion = 7.1.1;
						DevelopmentTeam = HY2LSN6ZF3;
					};
				};
			};
			buildConfigurationList = 4BE2B3701BF8D2190028F25B /* Build configuration list for PBXProject "TV_Guide" */;
			compatibilityVersion = "Xcode 3.2";
			developmentRegion = English;
			hasScannedForEncodings = 0;
			knownRegions = (
				en,
				Base,
			);
			mainGroup = 4BE2B36C1BF8D2190028F25B;
			productRefGroup = 4BE2B3761BF8D2190028F25B /* Products */;
			projectDirPath = "";
			projectRoot = "";
			targets = (
				4BE2B3741BF8D2190028F25B /* TV_Guide */,
			);
		};
/* End PBXProject section */

/* Begin PBXResourcesBuildPhase section */
		4BE2B3731BF8D2190028F25B /* Resources */ = {
			isa = PBXResourcesBuildPhase;
			buildActionMask = 2147483647;
			files = (
				4BE2B3901BFAC3EF0028F25B /* secrets.txt in Resources */,
				4BE2B3801BF8D2190028F25B /* Assets.xcassets in Resources */,
				4BE2B37E1BF8D2190028F25B /* Main.storyboard in Resources */,
			);
			runOnlyForDeploymentPostprocessing = 0;
		};
/* End PBXResourcesBuildPhase section */

/* Begin PBXShellScriptBuildPhase section */
		4BE2B38B1BFAB1E30028F25B /* Copy Carthage Frameworks */ = {
			isa = PBXShellScriptBuildPhase;
			buildActionMask = 2147483647;
			files = (
			);
			inputPaths = (
				"$(SRCROOT)/Carthage/Build/tvOS/Alamofire.framework",
				"$(SRCROOT)/Carthage/Build/tvOS/SwiftyJSON.framework",
			);
			name = "Copy Carthage Frameworks";
			outputPaths = (
			);
			runOnlyForDeploymentPostprocessing = 0;
			shellPath = /bin/sh;
			shellScript = "/usr/local/bin/carthage copy-frameworks\n";
		};
/* End PBXShellScriptBuildPhase section */

/* Begin PBXSourcesBuildPhase section */
		4BE2B3711BF8D2190028F25B /* Sources */ = {
			isa = PBXSourcesBuildPhase;
			buildActionMask = 2147483647;
			files = (
				4BE2B3961BFBF7C00028F25B /* ShowModel.swift in Sources */,
				4BE2B39A1BFBFAAE0028F25B /* Util.swift in Sources */,
				4BA8A2BB1BFCD3E00054D1A6 /* Date.swift in Sources */,
				4BCEB1AB1BFD47B300420116 /* ShowsViewController.swift in Sources */,
				4BCEB1A91BFD458D00420116 /* EpisodeCell.swift in Sources */,
				4BA8A2BD1BFCF9810054D1A6 /* TimePeriodModel.swift in Sources */,
				4BE2B3791BF8D2190028F25B /* AppDelegate.swift in Sources */,
				4BE2B3941BFBF2B30028F25B /* Data.swift in Sources */,
				4BA8A2C11BFCFD200054D1A6 /* ShowCell.swift in Sources */,
				4BA8A2BF1BFCFA1D0054D1A6 /* TimePeriodCell.swift in Sources */,
				4BE2B3881BF8DF320028F25B /* MainViewController.swift in Sources */,
				4BCEB1AD1BFD5AD100420116 /* EpisodesViewController.swift in Sources */,
				4BE2B3981BFBF7EB0028F25B /* EpisodeModel.swift in Sources */,
			);
			runOnlyForDeploymentPostprocessing = 0;
		};
/* End PBXSourcesBuildPhase section */

/* Begin PBXVariantGroup section */
		4BE2B37C1BF8D2190028F25B /* Main.storyboard */ = {
			isa = PBXVariantGroup;
			children = (
				4BE2B37D1BF8D2190028F25B /* Base */,
			);
			name = Main.storyboard;
			sourceTree = "<group>";
		};
/* End PBXVariantGroup section */

/* Begin XCBuildConfiguration section */
		4BE2B3821BF8D2190028F25B /* Debug */ = {
			isa = XCBuildConfiguration;
			buildSettings = {
				ALWAYS_SEARCH_USER_PATHS = NO;
				CLANG_CXX_LANGUAGE_STANDARD = "gnu++0x";
				CLANG_CXX_LIBRARY = "libc++";
				CLANG_ENABLE_MODULES = YES;
				CLANG_ENABLE_OBJC_ARC = YES;
				CLANG_WARN_BOOL_CONVERSION = YES;
				CLANG_WARN_CONSTANT_CONVERSION = YES;
				CLANG_WARN_DIRECT_OBJC_ISA_USAGE = YES_ERROR;
				CLANG_WARN_EMPTY_BODY = YES;
				CLANG_WARN_ENUM_CONVERSION = YES;
				CLANG_WARN_INT_CONVERSION = YES;
				CLANG_WARN_OBJC_ROOT_CLASS = YES_ERROR;
				CLANG_WARN_UNREACHABLE_CODE = YES;
				CLANG_WARN__DUPLICATE_METHOD_MATCH = YES;
				COPY_PHASE_STRIP = NO;
				DEBUG_INFORMATION_FORMAT = dwarf;
				ENABLE_STRICT_OBJC_MSGSEND = YES;
				ENABLE_TESTABILITY = YES;
				GCC_C_LANGUAGE_STANDARD = gnu99;
				GCC_DYNAMIC_NO_PIC = NO;
				GCC_NO_COMMON_BLOCKS = YES;
				GCC_OPTIMIZATION_LEVEL = 0;
				GCC_PREPROCESSOR_DEFINITIONS = (
					"DEBUG=1",
					"$(inherited)",
				);
				GCC_WARN_64_TO_32_BIT_CONVERSION = YES;
				GCC_WARN_ABOUT_RETURN_TYPE = YES_ERROR;
				GCC_WARN_UNDECLARED_SELECTOR = YES;
				GCC_WARN_UNINITIALIZED_AUTOS = YES_AGGRESSIVE;
				GCC_WARN_UNUSED_FUNCTION = YES;
				GCC_WARN_UNUSED_VARIABLE = YES;
				MTL_ENABLE_DEBUG_INFO = YES;
				ONLY_ACTIVE_ARCH = YES;
				SDKROOT = appletvos;
				SWIFT_OPTIMIZATION_LEVEL = "-Onone";
				TARGETED_DEVICE_FAMILY = 3;
				TVOS_DEPLOYMENT_TARGET = 9.0;
			};
			name = Debug;
		};
		4BE2B3831BF8D2190028F25B /* Release */ = {
			isa = XCBuildConfiguration;
			buildSettings = {
				ALWAYS_SEARCH_USER_PATHS = NO;
				CLANG_CXX_LANGUAGE_STANDARD = "gnu++0x";
				CLANG_CXX_LIBRARY = "libc++";
				CLANG_ENABLE_MODULES = YES;
				CLANG_ENABLE_OBJC_ARC = YES;
				CLANG_WARN_BOOL_CONVERSION = YES;
				CLANG_WARN_CONSTANT_CONVERSION = YES;
				CLANG_WARN_DIRECT_OBJC_ISA_USAGE = YES_ERROR;
				CLANG_WARN_EMPTY_BODY = YES;
				CLANG_WARN_ENUM_CONVERSION = YES;
				CLANG_WARN_INT_CONVERSION = YES;
				CLANG_WARN_OBJC_ROOT_CLASS = YES_ERROR;
				CLANG_WARN_UNREACHABLE_CODE = YES;
				CLANG_WARN__DUPLICATE_METHOD_MATCH = YES;
				COPY_PHASE_STRIP = NO;
				DEBUG_INFORMATION_FORMAT = "dwarf-with-dsym";
				ENABLE_NS_ASSERTIONS = NO;
				ENABLE_STRICT_OBJC_MSGSEND = YES;
				GCC_C_LANGUAGE_STANDARD = gnu99;
				GCC_NO_COMMON_BLOCKS = YES;
				GCC_WARN_64_TO_32_BIT_CONVERSION = YES;
				GCC_WARN_ABOUT_RETURN_TYPE = YES_ERROR;
				GCC_WARN_UNDECLARED_SELECTOR = YES;
				GCC_WARN_UNINITIALIZED_AUTOS = YES_AGGRESSIVE;
				GCC_WARN_UNUSED_FUNCTION = YES;
				GCC_WARN_UNUSED_VARIABLE = YES;
				MTL_ENABLE_DEBUG_INFO = NO;
				SDKROOT = appletvos;
				TARGETED_DEVICE_FAMILY = 3;
				TVOS_DEPLOYMENT_TARGET = 9.0;
				VALIDATE_PRODUCT = YES;
			};
			name = Release;
		};
		4BE2B3851BF8D2190028F25B /* Debug */ = {
			isa = XCBuildConfiguration;
			buildSettings = {
				ASSETCATALOG_COMPILER_APPICON_NAME = "App Icon & Top Shelf Image";
				ASSETCATALOG_COMPILER_LAUNCHIMAGE_NAME = LaunchImage;
				FRAMEWORK_SEARCH_PATHS = (
					"$(inherited)",
					"$(PROJECT_DIR)/Carthage/Build/tvOS",
					"$(PROJECT_DIR)/TV_Guide/Frameworks",
				);
				INFOPLIST_FILE = TV_Guide/Info.plist;
				LD_RUNPATH_SEARCH_PATHS = "$(inherited) @executable_path/Frameworks";
				"OTHER_LDFLAGS[arch=*]" = (
					"-ObjC",
					"-lz",
					"-framework",
					"Reveal-tvOS",
				);
				PRODUCT_BUNDLE_IDENTIFIER = "com.chrisbreiding.TV-Guide";
				PRODUCT_NAME = "$(TARGET_NAME)";
			};
			name = Debug;
		};
		4BE2B3861BF8D2190028F25B /* Release */ = {
			isa = XCBuildConfiguration;
			buildSettings = {
				ASSETCATALOG_COMPILER_APPICON_NAME = "App Icon & Top Shelf Image";
				ASSETCATALOG_COMPILER_LAUNCHIMAGE_NAME = LaunchImage;
				FRAMEWORK_SEARCH_PATHS = (
					"$(inherited)",
					"$(PROJECT_DIR)/Carthage/Build/tvOS",
					"$(PROJECT_DIR)/TV_Guide/Frameworks",
				);
				INFOPLIST_FILE = TV_Guide/Info.plist;
				LD_RUNPATH_SEARCH_PATHS = "$(inherited) @executable_path/Frameworks";
				PRODUCT_BUNDLE_IDENTIFIER = "com.chrisbreiding.TV-Guide";
				PRODUCT_NAME = "$(TARGET_NAME)";
			};
			name = Release;
		};
/* End XCBuildConfiguration section */

/* Begin XCConfigurationList section */
		4BE2B3701BF8D2190028F25B /* Build configuration list for PBXProject "TV_Guide" */ = {
			isa = XCConfigurationList;
			buildConfigurations = (
				4BE2B3821BF8D2190028F25B /* Debug */,
				4BE2B3831BF8D2190028F25B /* Release */,
			);
			defaultConfigurationIsVisible = 0;
			defaultConfigurationName = Release;
		};
		4BE2B3841BF8D2190028F25B /* Build configuration list for PBXNativeTarget "TV_Guide" */ = {
			isa = XCConfigurationList;
			buildConfigurations = (
				4BE2B3851BF8D2190028F25B /* Debug */,
				4BE2B3861BF8D2190028F25B /* Release */,
			);
			defaultConfigurationIsVisible = 0;
			defaultConfigurationName = Release;
		};
/* End XCConfigurationList section */
	};
	rootObject = 4BE2B36D1BF8D2190028F25B /* Project object */;
}
